
Microsoft Visual Studio Solution File, Format Version 12.00
# Visual Studio 15
VisualStudioVersion = 15.0.28307.438
MinimumVisualStudioVersion = 10.0.40219.1
Project("{8BC9CEB8-8B4A-11D0-8D11-00A0C91BC942}") = "BridgeCraneModel", "BridgeCraneModel.vcxproj", "{76DDBB19-5C48-4ED4-955C-7E8B5909FF13}"
EndProject
Global
	GlobalSection(SolutionConfigurationPlatforms) = preSolution
		Debug|x64 = Debug|x64
		Release|x64 = Release|x64
	EndGlobalSection
	GlobalSection(ProjectConfigurationPlatforms) = postSolution
		{76DDBB19-5C48-4ED4-955C-7E8B5909FF13}.Debug|x64.ActiveCfg = Debug|x64
		{76DDBB19-5C48-4ED4-955C-7E8B5909FF13}.Debug|x64.Build.0 = Debug|x64
		{76DDBB19-5C48-4ED4-955C-7E8B5909FF13}.Release|x64.ActiveCfg = Release|x64
		{76DDBB19-5C48-4ED4-955C-7E8B5909FF13}.Release|x64.Build.0 = Release|x64
	EndGlobalSection
	GlobalSection(SolutionProperties) = preSolution
		HideSolutionNode = FALSE
	EndGlobalSection
	GlobalSection(ExtensibilityGlobals) = postSolution
		SolutionGuid = {B04202F2-6D45-4809-B83B-16CDB3D9F5B1}
	EndGlobalSection
EndGlobal
